
Microsoft Visual Studio Solution File, Format Version 12.00
Project("{FAE04EC0-301F-11D3-BF4B-00C04F79EFBC}") = "TraceLens", "TraceLens\TraceLens.csproj", "{0DD57ACE-8257-4A46-B194-0C07ACFA84A0}"
EndProject
Project("{FAE04EC0-301F-11D3-BF4B-00C04F79EFBC}") = "TraceLens-Console", "TraceLens-Console\TraceLens-Console.csproj", "{26BA8D2F-F8AA-4F2F-9CB7-9216B05A87FA}"
EndProject
Global
	GlobalSection(SolutionConfigurationPlatforms) = preSolution
		Debug|Any CPU = Debug|Any CPU
		Release|Any CPU = Release|Any CPU
	EndGlobalSection
	GlobalSection(ProjectConfigurationPlatforms) = postSolution
		{0DD57ACE-8257-4A46-B194-0C07ACFA84A0}.Debug|Any CPU.ActiveCfg = Debug|Any CPU
		{0DD57ACE-8257-4A46-B194-0C07ACFA84A0}.Debug|Any CPU.Build.0 = Debug|Any CPU
		{0DD57ACE-8257-4A46-B194-0C07ACFA84A0}.Release|Any CPU.ActiveCfg = Release|Any CPU
		{0DD57ACE-8257-4A46-B194-0C07ACFA84A0}.Release|Any CPU.Build.0 = Release|Any CPU
		{26BA8D2F-F8AA-4F2F-9CB7-9216B05A87FA}.Debug|Any CPU.ActiveCfg = Debug|Any CPU
		{26BA8D2F-F8AA-4F2F-9CB7-9216B05A87FA}.Debug|Any CPU.Build.0 = Debug|Any CPU
		{26BA8D2F-F8AA-4F2F-9CB7-9216B05A87FA}.Release|Any CPU.ActiveCfg = Release|Any CPU
		{26BA8D2F-F8AA-4F2F-9CB7-9216B05A87FA}.Release|Any CPU.Build.0 = Release|Any CPU
	EndGlobalSection
EndGlobal
